
Microsoft Visual Studio Solution File, Format Version 12.00
# Visual Studio Version 16
VisualStudioVersion = 16.0.29418.71
MinimumVisualStudioVersion = 10.0.40219.1
Project("{FAE04EC0-301F-11D3-BF4B-00C04F79EFBC}") = "JwtTokenIssuer", "JwtTokenIssuer\JwtTokenIssuer.csproj", "{F1AB0D4A-FC2A-4159-8D30-9D4CC4763E2C}"
EndProject
Project("{FAE04EC0-301F-11D3-BF4B-00C04F79EFBC}") = "ApiJwtAuth", "ApiJwtAuth\ApiJwtAuth.csproj", "{6DF123FB-9FAB-4B74-831E-49A8BE289E2F}"
EndProject
Project("{FAE04EC0-301F-11D3-BF4B-00C04F79EFBC}") = "JwtTokenJwtIssuer", "JwtTokenJwtIssuer\JwtTokenJwtIssuer.csproj", "{BA825C4F-EB30-431F-84B8-C9CA44253F6C}"
EndProject
Global
	GlobalSection(SolutionConfigurationPlatforms) = preSolution
		Debug|Any CPU = Debug|Any CPU
		Release|Any CPU = Release|Any CPU
	EndGlobalSection
	GlobalSection(ProjectConfigurationPlatforms) = postSolution
		{F1AB0D4A-FC2A-4159-8D30-9D4CC4763E2C}.Debug|Any CPU.ActiveCfg = Debug|Any CPU
		{F1AB0D4A-FC2A-4159-8D30-9D4CC4763E2C}.Debug|Any CPU.Build.0 = Debug|Any CPU
		{F1AB0D4A-FC2A-4159-8D30-9D4CC4763E2C}.Release|Any CPU.ActiveCfg = Release|Any CPU
		{F1AB0D4A-FC2A-4159-8D30-9D4CC4763E2C}.Release|Any CPU.Build.0 = Release|Any CPU
		{6DF123FB-9FAB-4B74-831E-49A8BE289E2F}.Debug|Any CPU.ActiveCfg = Debug|Any CPU
		{6DF123FB-9FAB-4B74-831E-49A8BE289E2F}.Debug|Any CPU.Build.0 = Debug|Any CPU
		{6DF123FB-9FAB-4B74-831E-49A8BE289E2F}.Release|Any CPU.ActiveCfg = Release|Any CPU
		{6DF123FB-9FAB-4B74-831E-49A8BE289E2F}.Release|Any CPU.Build.0 = Release|Any CPU
		{BA825C4F-EB30-431F-84B8-C9CA44253F6C}.Debug|Any CPU.ActiveCfg = Debug|Any CPU
		{BA825C4F-EB30-431F-84B8-C9CA44253F6C}.Debug|Any CPU.Build.0 = Debug|Any CPU
		{BA825C4F-EB30-431F-84B8-C9CA44253F6C}.Release|Any CPU.ActiveCfg = Release|Any CPU
		{BA825C4F-EB30-431F-84B8-C9CA44253F6C}.Release|Any CPU.Build.0 = Release|Any CPU
	EndGlobalSection
	GlobalSection(SolutionProperties) = preSolution
		HideSolutionNode = FALSE
	EndGlobalSection
	GlobalSection(ExtensibilityGlobals) = postSolution
		SolutionGuid = {37EABB49-597A-42AA-BD16-3317AA84A37F}
	EndGlobalSection
EndGlobal
